
Microsoft Visual Studio Solution File, Format Version 12.00
# Visual Studio Version 16
VisualStudioVersion = 16.0.32126.315
MinimumVisualStudioVersion = 10.0.40219.1
Project("{FAE04EC0-301F-11D3-BF4B-00C04F79EFBC}") = "WebApplication1", "WebApplication1.csproj", "{F500CC8E-2E4E-4698-BA22-1DC299BB64A5}"
EndProject
Global
	GlobalSection(SolutionConfigurationPlatforms) = preSolution
		Debug|Any CPU = Debug|Any CPU
		Release|Any CPU = Release|Any CPU
	EndGlobalSection
	GlobalSection(ProjectConfigurationPlatforms) = postSolution
		{F500CC8E-2E4E-4698-BA22-1DC299BB64A5}.Debug|Any CPU.ActiveCfg = Debug|Any CPU
		{F500CC8E-2E4E-4698-BA22-1DC299BB64A5}.Debug|Any CPU.Build.0 = Debug|Any CPU
		{F500CC8E-2E4E-4698-BA22-1DC299BB64A5}.Release|Any CPU.ActiveCfg = Release|Any CPU
		{F500CC8E-2E4E-4698-BA22-1DC299BB64A5}.Release|Any CPU.Build.0 = Release|Any CPU
	EndGlobalSection
	GlobalSection(SolutionProperties) = preSolution
		HideSolutionNode = FALSE
	EndGlobalSection
	GlobalSection(ExtensibilityGlobals) = postSolution
		SolutionGuid = {B7CC405D-96C1-4916-A5D8-9F25A525ADF3}
	EndGlobalSection
EndGlobal
